
Microsoft Visual Studio Solution File, Format Version 12.00
# Visual Studio Version 17
VisualStudioVersion = 17.7.34009.444
MinimumVisualStudioVersion = 10.0.40219.1
Project("{FAE04EC0-301F-11D3-BF4B-00C04F79EFBC}") = "Day11_Assig3", "Day11_Assig3.csproj", "{E1F1F0C6-C29D-4C49-98AF-87552335F95C}"
EndProject
Global
	GlobalSection(SolutionConfigurationPlatforms) = preSolution
		Debug|Any CPU = Debug|Any CPU
		Release|Any CPU = Release|Any CPU
	EndGlobalSection
	GlobalSection(ProjectConfigurationPlatforms) = postSolution
		{E1F1F0C6-C29D-4C49-98AF-87552335F95C}.Debug|Any CPU.ActiveCfg = Debug|Any CPU
		{E1F1F0C6-C29D-4C49-98AF-87552335F95C}.Debug|Any CPU.Build.0 = Debug|Any CPU
		{E1F1F0C6-C29D-4C49-98AF-87552335F95C}.Release|Any CPU.ActiveCfg = Release|Any CPU
		{E1F1F0C6-C29D-4C49-98AF-87552335F95C}.Release|Any CPU.Build.0 = Release|Any CPU
	EndGlobalSection
	GlobalSection(SolutionProperties) = preSolution
		HideSolutionNode = FALSE
	EndGlobalSection
	GlobalSection(ExtensibilityGlobals) = postSolution
		SolutionGuid = {34BB9355-010B-45CC-904A-DF87068C3CA8}
	EndGlobalSection
EndGlobal
