
Microsoft Visual Studio Solution File, Format Version 12.00
# Visual Studio Version 17
VisualStudioVersion = 17.7.34009.444
MinimumVisualStudioVersion = 10.0.40219.1
Project("{FAE04EC0-301F-11D3-BF4B-00C04F79EFBC}") = "HashTableDemo", "HashTableDemo.csproj", "{FD608593-076B-4780-9F18-3B0FF5F288BC}"
EndProject
Global
	GlobalSection(SolutionConfigurationPlatforms) = preSolution
		Debug|Any CPU = Debug|Any CPU
		Release|Any CPU = Release|Any CPU
	EndGlobalSection
	GlobalSection(ProjectConfigurationPlatforms) = postSolution
		{FD608593-076B-4780-9F18-3B0FF5F288BC}.Debug|Any CPU.ActiveCfg = Debug|Any CPU
		{FD608593-076B-4780-9F18-3B0FF5F288BC}.Debug|Any CPU.Build.0 = Debug|Any CPU
		{FD608593-076B-4780-9F18-3B0FF5F288BC}.Release|Any CPU.ActiveCfg = Release|Any CPU
		{FD608593-076B-4780-9F18-3B0FF5F288BC}.Release|Any CPU.Build.0 = Release|Any CPU
	EndGlobalSection
	GlobalSection(SolutionProperties) = preSolution
		HideSolutionNode = FALSE
	EndGlobalSection
	GlobalSection(ExtensibilityGlobals) = postSolution
		SolutionGuid = {115EBEF5-5DDB-45D2-8983-EC60E0ABE2C6}
	EndGlobalSection
EndGlobal
