
Microsoft Visual Studio Solution File, Format Version 12.00
# Visual Studio Version 17
VisualStudioVersion = 17.7.34009.444
MinimumVisualStudioVersion = 10.0.40219.1
Project("{FAE04EC0-301F-11D3-BF4B-00C04F79EFBC}") = "AddressBook_Demo", "AddressBook_Demo.csproj", "{19440D1A-37A8-4383-8195-8EFAD2375EAF}"
EndProject
Global
	GlobalSection(SolutionConfigurationPlatforms) = preSolution
		Debug|Any CPU = Debug|Any CPU
		Release|Any CPU = Release|Any CPU
	EndGlobalSection
	GlobalSection(ProjectConfigurationPlatforms) = postSolution
		{19440D1A-37A8-4383-8195-8EFAD2375EAF}.Debug|Any CPU.ActiveCfg = Debug|Any CPU
		{19440D1A-37A8-4383-8195-8EFAD2375EAF}.Debug|Any CPU.Build.0 = Debug|Any CPU
		{19440D1A-37A8-4383-8195-8EFAD2375EAF}.Release|Any CPU.ActiveCfg = Release|Any CPU
		{19440D1A-37A8-4383-8195-8EFAD2375EAF}.Release|Any CPU.Build.0 = Release|Any CPU
	EndGlobalSection
	GlobalSection(SolutionProperties) = preSolution
		HideSolutionNode = FALSE
	EndGlobalSection
	GlobalSection(ExtensibilityGlobals) = postSolution
		SolutionGuid = {B52195AE-B18E-4E15-ADE1-577C3F99A27E}
	EndGlobalSection
EndGlobal
