
Microsoft Visual Studio Solution File, Format Version 12.00
# Visual Studio Version 17
VisualStudioVersion = 17.7.34009.444
MinimumVisualStudioVersion = 10.0.40219.1
Project("{FAE04EC0-301F-11D3-BF4B-00C04F79EFBC}") = "Snake_Ladder_Pro1", "Snake_Ladder_Pro1.csproj", "{8E1C9C5C-90D2-40FF-A7DE-FA06119EEAA0}"
EndProject
Global
	GlobalSection(SolutionConfigurationPlatforms) = preSolution
		Debug|Any CPU = Debug|Any CPU
		Release|Any CPU = Release|Any CPU
	EndGlobalSection
	GlobalSection(ProjectConfigurationPlatforms) = postSolution
		{8E1C9C5C-90D2-40FF-A7DE-FA06119EEAA0}.Debug|Any CPU.ActiveCfg = Debug|Any CPU
		{8E1C9C5C-90D2-40FF-A7DE-FA06119EEAA0}.Debug|Any CPU.Build.0 = Debug|Any CPU
		{8E1C9C5C-90D2-40FF-A7DE-FA06119EEAA0}.Release|Any CPU.ActiveCfg = Release|Any CPU
		{8E1C9C5C-90D2-40FF-A7DE-FA06119EEAA0}.Release|Any CPU.Build.0 = Release|Any CPU
	EndGlobalSection
	GlobalSection(SolutionProperties) = preSolution
		HideSolutionNode = FALSE
	EndGlobalSection
	GlobalSection(ExtensibilityGlobals) = postSolution
		SolutionGuid = {A8900D31-1047-4C4E-8C37-70DD521EC36C}
	EndGlobalSection
EndGlobal
